
Microsoft Visual Studio Solution File, Format Version 12.00
# Visual Studio Version 16
VisualStudioVersion = 16.0.29424.173
MinimumVisualStudioVersion = 10.0.40219.1
Project("{9A19103F-16F7-4668-BE54-9A1E7A4F7556}") = "SocialNetwork", "SocialNetwork\SocialNetwork.csproj", "{B2B520A2-7D1F-4917-BFBC-6834BA11B856}"
EndProject
Project("{9A19103F-16F7-4668-BE54-9A1E7A4F7556}") = "SocialNetwork.Data", "SocialNetwork.Data\SocialNetwork.Data.csproj", "{FA83559E-5D87-48EA-8466-A3D37C069A0D}"
EndProject
Project("{9A19103F-16F7-4668-BE54-9A1E7A4F7556}") = "SocialNetwork.DatabaseModels", "SocialNetwork.DatabaseModels\SocialNetwork.DatabaseModels.csproj", "{855CDCC7-E702-4479-A634-520FE2EDA2D1}"
EndProject
Project("{9A19103F-16F7-4668-BE54-9A1E7A4F7556}") = "SocialNetwork.Services", "SocialNetwork.Services\SocialNetwork.Services.csproj", "{CC54BAE9-15BB-4FE8-B629-BD84CEE16050}"
EndProject
Global
	GlobalSection(SolutionConfigurationPlatforms) = preSolution
		Debug|Any CPU = Debug|Any CPU
		Release|Any CPU = Release|Any CPU
	EndGlobalSection
	GlobalSection(ProjectConfigurationPlatforms) = postSolution
		{B2B520A2-7D1F-4917-BFBC-6834BA11B856}.Debug|Any CPU.ActiveCfg = Debug|Any CPU
		{B2B520A2-7D1F-4917-BFBC-6834BA11B856}.Debug|Any CPU.Build.0 = Debug|Any CPU
		{B2B520A2-7D1F-4917-BFBC-6834BA11B856}.Release|Any CPU.ActiveCfg = Release|Any CPU
		{B2B520A2-7D1F-4917-BFBC-6834BA11B856}.Release|Any CPU.Build.0 = Release|Any CPU
		{FA83559E-5D87-48EA-8466-A3D37C069A0D}.Debug|Any CPU.ActiveCfg = Debug|Any CPU
		{FA83559E-5D87-48EA-8466-A3D37C069A0D}.Debug|Any CPU.Build.0 = Debug|Any CPU
		{FA83559E-5D87-48EA-8466-A3D37C069A0D}.Release|Any CPU.ActiveCfg = Release|Any CPU
		{FA83559E-5D87-48EA-8466-A3D37C069A0D}.Release|Any CPU.Build.0 = Release|Any CPU
		{855CDCC7-E702-4479-A634-520FE2EDA2D1}.Debug|Any CPU.ActiveCfg = Debug|Any CPU
		{855CDCC7-E702-4479-A634-520FE2EDA2D1}.Debug|Any CPU.Build.0 = Debug|Any CPU
		{855CDCC7-E702-4479-A634-520FE2EDA2D1}.Release|Any CPU.ActiveCfg = Release|Any CPU
		{855CDCC7-E702-4479-A634-520FE2EDA2D1}.Release|Any CPU.Build.0 = Release|Any CPU
		{CC54BAE9-15BB-4FE8-B629-BD84CEE16050}.Debug|Any CPU.ActiveCfg = Debug|Any CPU
		{CC54BAE9-15BB-4FE8-B629-BD84CEE16050}.Debug|Any CPU.Build.0 = Debug|Any CPU
		{CC54BAE9-15BB-4FE8-B629-BD84CEE16050}.Release|Any CPU.ActiveCfg = Release|Any CPU
		{CC54BAE9-15BB-4FE8-B629-BD84CEE16050}.Release|Any CPU.Build.0 = Release|Any CPU
	EndGlobalSection
	GlobalSection(SolutionProperties) = preSolution
		HideSolutionNode = FALSE
	EndGlobalSection
	GlobalSection(ExtensibilityGlobals) = postSolution
		SolutionGuid = {BB394B35-CA96-4317-BB44-C9DF237E159E}
	EndGlobalSection
EndGlobal
